
Microsoft Visual Studio Solution File, Format Version 12.00
# Visual Studio Version 16
VisualStudioVersion = 16.0.30517.126
MinimumVisualStudioVersion = 10.0.40219.1
Project("{FAE04EC0-301F-11D3-BF4B-00C04F79EFBC}") = "2_007 Structures_2", "2_007 Structures_2.csproj", "{420621D6-55CC-4AD7-8B1E-EA1967A52238}"
EndProject
Project("{FAE04EC0-301F-11D3-BF4B-00C04F79EFBC}") = "add", "add\add.csproj", "{7E9679BC-7184-4BDC-9AAC-989EED7E97AF}"
EndProject
Global
	GlobalSection(SolutionConfigurationPlatforms) = preSolution
		Debug|Any CPU = Debug|Any CPU
		Release|Any CPU = Release|Any CPU
	EndGlobalSection
	GlobalSection(ProjectConfigurationPlatforms) = postSolution
		{420621D6-55CC-4AD7-8B1E-EA1967A52238}.Debug|Any CPU.ActiveCfg = Debug|Any CPU
		{420621D6-55CC-4AD7-8B1E-EA1967A52238}.Debug|Any CPU.Build.0 = Debug|Any CPU
		{420621D6-55CC-4AD7-8B1E-EA1967A52238}.Release|Any CPU.ActiveCfg = Release|Any CPU
		{420621D6-55CC-4AD7-8B1E-EA1967A52238}.Release|Any CPU.Build.0 = Release|Any CPU
		{7E9679BC-7184-4BDC-9AAC-989EED7E97AF}.Debug|Any CPU.ActiveCfg = Debug|Any CPU
		{7E9679BC-7184-4BDC-9AAC-989EED7E97AF}.Debug|Any CPU.Build.0 = Debug|Any CPU
		{7E9679BC-7184-4BDC-9AAC-989EED7E97AF}.Release|Any CPU.ActiveCfg = Release|Any CPU
		{7E9679BC-7184-4BDC-9AAC-989EED7E97AF}.Release|Any CPU.Build.0 = Release|Any CPU
	EndGlobalSection
	GlobalSection(SolutionProperties) = preSolution
		HideSolutionNode = FALSE
	EndGlobalSection
	GlobalSection(ExtensibilityGlobals) = postSolution
		SolutionGuid = {9F35EB09-0354-4B00-900C-E9D25E855556}
	EndGlobalSection
EndGlobal
