
Microsoft Visual Studio Solution File, Format Version 12.00
# Visual Studio Version 16
VisualStudioVersion = 16.0.30517.126
MinimumVisualStudioVersion = 10.0.40219.1
Project("{FAE04EC0-301F-11D3-BF4B-00C04F79EFBC}") = "2_011_add", "2_011_add\2_011_add.csproj", "{838F55AD-CB03-465D-BC81-A0C43CF6E574}"
EndProject
Global
	GlobalSection(SolutionConfigurationPlatforms) = preSolution
		Debug|Any CPU = Debug|Any CPU
		Release|Any CPU = Release|Any CPU
	EndGlobalSection
	GlobalSection(ProjectConfigurationPlatforms) = postSolution
		{838F55AD-CB03-465D-BC81-A0C43CF6E574}.Debug|Any CPU.ActiveCfg = Debug|Any CPU
		{838F55AD-CB03-465D-BC81-A0C43CF6E574}.Debug|Any CPU.Build.0 = Debug|Any CPU
		{838F55AD-CB03-465D-BC81-A0C43CF6E574}.Release|Any CPU.ActiveCfg = Release|Any CPU
		{838F55AD-CB03-465D-BC81-A0C43CF6E574}.Release|Any CPU.Build.0 = Release|Any CPU
	EndGlobalSection
	GlobalSection(SolutionProperties) = preSolution
		HideSolutionNode = FALSE
	EndGlobalSection
	GlobalSection(ExtensibilityGlobals) = postSolution
		SolutionGuid = {A5E9E2EE-5980-4AC8-8DB1-ADCD51A70762}
	EndGlobalSection
EndGlobal
