
Microsoft Visual Studio Solution File, Format Version 12.00
# Visual Studio Version 16
VisualStudioVersion = 16.0.30517.126
MinimumVisualStudioVersion = 10.0.40219.1
Project("{FAE04EC0-301F-11D3-BF4B-00C04F79EFBC}") = "2_016_add", "2_016_Object_Operator\2_016_add.csproj", "{7E09BDA0-AF78-40CC-8EE1-0D3D8EFCC609}"
EndProject
Project("{FAE04EC0-301F-11D3-BF4B-00C04F79EFBC}") = "2_016_metanit", "2_016_metanit\2_016_metanit.csproj", "{191694CF-1D75-46F1-B277-FC522D94B5A8}"
EndProject
Project("{FAE04EC0-301F-11D3-BF4B-00C04F79EFBC}") = "2_016_2", "2_016_2\2_016_2.csproj", "{64BAB2BF-8D7F-4D82-8DE0-D47375EC7092}"
EndProject
Project("{FAE04EC0-301F-11D3-BF4B-00C04F79EFBC}") = "2_016_3", "2_016_3\2_016_3.csproj", "{D5CAD05E-FBC0-4E4C-80D1-1AB783BE18F8}"
EndProject
Project("{FAE04EC0-301F-11D3-BF4B-00C04F79EFBC}") = "2_016_4", "2_016_4\2_016_4.csproj", "{06AFAF2C-F567-407D-8BDE-AEFBCEE759C5}"
EndProject
Global
	GlobalSection(SolutionConfigurationPlatforms) = preSolution
		Debug|Any CPU = Debug|Any CPU
		Release|Any CPU = Release|Any CPU
	EndGlobalSection
	GlobalSection(ProjectConfigurationPlatforms) = postSolution
		{7E09BDA0-AF78-40CC-8EE1-0D3D8EFCC609}.Debug|Any CPU.ActiveCfg = Debug|Any CPU
		{7E09BDA0-AF78-40CC-8EE1-0D3D8EFCC609}.Debug|Any CPU.Build.0 = Debug|Any CPU
		{7E09BDA0-AF78-40CC-8EE1-0D3D8EFCC609}.Release|Any CPU.ActiveCfg = Release|Any CPU
		{7E09BDA0-AF78-40CC-8EE1-0D3D8EFCC609}.Release|Any CPU.Build.0 = Release|Any CPU
		{191694CF-1D75-46F1-B277-FC522D94B5A8}.Debug|Any CPU.ActiveCfg = Debug|Any CPU
		{191694CF-1D75-46F1-B277-FC522D94B5A8}.Debug|Any CPU.Build.0 = Debug|Any CPU
		{191694CF-1D75-46F1-B277-FC522D94B5A8}.Release|Any CPU.ActiveCfg = Release|Any CPU
		{191694CF-1D75-46F1-B277-FC522D94B5A8}.Release|Any CPU.Build.0 = Release|Any CPU
		{64BAB2BF-8D7F-4D82-8DE0-D47375EC7092}.Debug|Any CPU.ActiveCfg = Debug|Any CPU
		{64BAB2BF-8D7F-4D82-8DE0-D47375EC7092}.Debug|Any CPU.Build.0 = Debug|Any CPU
		{64BAB2BF-8D7F-4D82-8DE0-D47375EC7092}.Release|Any CPU.ActiveCfg = Release|Any CPU
		{64BAB2BF-8D7F-4D82-8DE0-D47375EC7092}.Release|Any CPU.Build.0 = Release|Any CPU
		{D5CAD05E-FBC0-4E4C-80D1-1AB783BE18F8}.Debug|Any CPU.ActiveCfg = Debug|Any CPU
		{D5CAD05E-FBC0-4E4C-80D1-1AB783BE18F8}.Debug|Any CPU.Build.0 = Debug|Any CPU
		{D5CAD05E-FBC0-4E4C-80D1-1AB783BE18F8}.Release|Any CPU.ActiveCfg = Release|Any CPU
		{D5CAD05E-FBC0-4E4C-80D1-1AB783BE18F8}.Release|Any CPU.Build.0 = Release|Any CPU
		{06AFAF2C-F567-407D-8BDE-AEFBCEE759C5}.Debug|Any CPU.ActiveCfg = Debug|Any CPU
		{06AFAF2C-F567-407D-8BDE-AEFBCEE759C5}.Debug|Any CPU.Build.0 = Debug|Any CPU
		{06AFAF2C-F567-407D-8BDE-AEFBCEE759C5}.Release|Any CPU.ActiveCfg = Release|Any CPU
		{06AFAF2C-F567-407D-8BDE-AEFBCEE759C5}.Release|Any CPU.Build.0 = Release|Any CPU
	EndGlobalSection
	GlobalSection(SolutionProperties) = preSolution
		HideSolutionNode = FALSE
	EndGlobalSection
	GlobalSection(ExtensibilityGlobals) = postSolution
		SolutionGuid = {75B5756F-C43B-4A49-8506-9975DF23C195}
	EndGlobalSection
EndGlobal
