
Microsoft Visual Studio Solution File, Format Version 12.00
# Visual Studio Version 16
VisualStudioVersion = 16.0.29411.108
MinimumVisualStudioVersion = 10.0.40219.1
Project("{FAE04EC0-301F-11D3-BF4B-00C04F79EFBC}") = "2_010_add", "2_010_add\2_010_add.csproj", "{F00B47F6-A8A6-49FF-8B10-C37C150308FA}"
EndProject
Project("{FAE04EC0-301F-11D3-BF4B-00C04F79EFBC}") = "2_010_2", "2_010_2\2_010_2.csproj", "{D0554626-55A2-4DD0-A85D-6F46A8DF8BAC}"
EndProject
Project("{FAE04EC0-301F-11D3-BF4B-00C04F79EFBC}") = "2_010_metanit_1", "2_010_metanit_1\2_010_metanit_1.csproj", "{F99A1E18-6CFA-449F-8E00-79DE7ECC4246}"
EndProject
Project("{FAE04EC0-301F-11D3-BF4B-00C04F79EFBC}") = "2_010_metanit_2", "2_010_metanit_2\2_010_metanit_2.csproj", "{0542D318-80D9-434D-BC3F-9F1C03EB5424}"
EndProject
Global
	GlobalSection(SolutionConfigurationPlatforms) = preSolution
		Debug|Any CPU = Debug|Any CPU
		Release|Any CPU = Release|Any CPU
	EndGlobalSection
	GlobalSection(ProjectConfigurationPlatforms) = postSolution
		{F00B47F6-A8A6-49FF-8B10-C37C150308FA}.Debug|Any CPU.ActiveCfg = Debug|Any CPU
		{F00B47F6-A8A6-49FF-8B10-C37C150308FA}.Debug|Any CPU.Build.0 = Debug|Any CPU
		{F00B47F6-A8A6-49FF-8B10-C37C150308FA}.Release|Any CPU.ActiveCfg = Release|Any CPU
		{F00B47F6-A8A6-49FF-8B10-C37C150308FA}.Release|Any CPU.Build.0 = Release|Any CPU
		{D0554626-55A2-4DD0-A85D-6F46A8DF8BAC}.Debug|Any CPU.ActiveCfg = Debug|Any CPU
		{D0554626-55A2-4DD0-A85D-6F46A8DF8BAC}.Debug|Any CPU.Build.0 = Debug|Any CPU
		{D0554626-55A2-4DD0-A85D-6F46A8DF8BAC}.Release|Any CPU.ActiveCfg = Release|Any CPU
		{D0554626-55A2-4DD0-A85D-6F46A8DF8BAC}.Release|Any CPU.Build.0 = Release|Any CPU
		{F99A1E18-6CFA-449F-8E00-79DE7ECC4246}.Debug|Any CPU.ActiveCfg = Debug|Any CPU
		{F99A1E18-6CFA-449F-8E00-79DE7ECC4246}.Debug|Any CPU.Build.0 = Debug|Any CPU
		{F99A1E18-6CFA-449F-8E00-79DE7ECC4246}.Release|Any CPU.ActiveCfg = Release|Any CPU
		{F99A1E18-6CFA-449F-8E00-79DE7ECC4246}.Release|Any CPU.Build.0 = Release|Any CPU
		{0542D318-80D9-434D-BC3F-9F1C03EB5424}.Debug|Any CPU.ActiveCfg = Debug|Any CPU
		{0542D318-80D9-434D-BC3F-9F1C03EB5424}.Debug|Any CPU.Build.0 = Debug|Any CPU
		{0542D318-80D9-434D-BC3F-9F1C03EB5424}.Release|Any CPU.ActiveCfg = Release|Any CPU
		{0542D318-80D9-434D-BC3F-9F1C03EB5424}.Release|Any CPU.Build.0 = Release|Any CPU
	EndGlobalSection
	GlobalSection(SolutionProperties) = preSolution
		HideSolutionNode = FALSE
	EndGlobalSection
	GlobalSection(ExtensibilityGlobals) = postSolution
		SolutionGuid = {CDD86834-D9E5-48C4-B02A-10E6224358E3}
	EndGlobalSection
EndGlobal
