
Microsoft Visual Studio Solution File, Format Version 12.00
# Visual Studio Version 16
VisualStudioVersion = 16.0.29102.190
MinimumVisualStudioVersion = 10.0.40219.1
Project("{FAE04EC0-301F-11D3-BF4B-00C04F79EFBC}") = "2_add1", "2_002\2_add1.csproj", "{BD313E3F-FB57-4A87-A7B5-863335AC01C2}"
EndProject
Project("{FAE04EC0-301F-11D3-BF4B-00C04F79EFBC}") = "2_t_002", "2_t_002\2_t_002.csproj", "{2C671C4C-9659-4E5A-B9C8-738BBA3BF75B}"
EndProject
Project("{FAE04EC0-301F-11D3-BF4B-00C04F79EFBC}") = "2_t_003", "2_t_003\2_t_003.csproj", "{609EE088-DE96-4F03-9DBA-DC38BA65FF83}"
EndProject
Project("{FAE04EC0-301F-11D3-BF4B-00C04F79EFBC}") = "2_t_004", "2_t_004\2_t_004.csproj", "{6DD7ACEF-D545-4704-93E7-8CEB1514BD8C}"
EndProject
Project("{FAE04EC0-301F-11D3-BF4B-00C04F79EFBC}") = "2_1_metanit partial", "2_1_metanit partial\2_1_metanit partial.csproj", "{967E6758-1BD5-48F8-9CB0-CCE7C1E780A8}"
EndProject
Project("{FAE04EC0-301F-11D3-BF4B-00C04F79EFBC}") = "2_2_person_enapsulation", "2_2_person_enapsulation\2_2_person_enapsulation.csproj", "{F4B0E054-5463-422D-81BC-63ECDAAEE07B}"
EndProject
Project("{FAE04EC0-301F-11D3-BF4B-00C04F79EFBC}") = "2_3 carEngine_association", "2_3 carEngine_association\2_3 carEngine_association.csproj", "{E928DC0E-2161-4D89-B2FF-32391C1D16BE}"
EndProject
Global
	GlobalSection(SolutionConfigurationPlatforms) = preSolution
		Debug|Any CPU = Debug|Any CPU
		Release|Any CPU = Release|Any CPU
	EndGlobalSection
	GlobalSection(ProjectConfigurationPlatforms) = postSolution
		{BD313E3F-FB57-4A87-A7B5-863335AC01C2}.Debug|Any CPU.ActiveCfg = Debug|Any CPU
		{BD313E3F-FB57-4A87-A7B5-863335AC01C2}.Debug|Any CPU.Build.0 = Debug|Any CPU
		{BD313E3F-FB57-4A87-A7B5-863335AC01C2}.Release|Any CPU.ActiveCfg = Release|Any CPU
		{BD313E3F-FB57-4A87-A7B5-863335AC01C2}.Release|Any CPU.Build.0 = Release|Any CPU
		{2C671C4C-9659-4E5A-B9C8-738BBA3BF75B}.Debug|Any CPU.ActiveCfg = Debug|Any CPU
		{2C671C4C-9659-4E5A-B9C8-738BBA3BF75B}.Debug|Any CPU.Build.0 = Debug|Any CPU
		{2C671C4C-9659-4E5A-B9C8-738BBA3BF75B}.Release|Any CPU.ActiveCfg = Release|Any CPU
		{2C671C4C-9659-4E5A-B9C8-738BBA3BF75B}.Release|Any CPU.Build.0 = Release|Any CPU
		{609EE088-DE96-4F03-9DBA-DC38BA65FF83}.Debug|Any CPU.ActiveCfg = Debug|Any CPU
		{609EE088-DE96-4F03-9DBA-DC38BA65FF83}.Debug|Any CPU.Build.0 = Debug|Any CPU
		{609EE088-DE96-4F03-9DBA-DC38BA65FF83}.Release|Any CPU.ActiveCfg = Release|Any CPU
		{609EE088-DE96-4F03-9DBA-DC38BA65FF83}.Release|Any CPU.Build.0 = Release|Any CPU
		{6DD7ACEF-D545-4704-93E7-8CEB1514BD8C}.Debug|Any CPU.ActiveCfg = Debug|Any CPU
		{6DD7ACEF-D545-4704-93E7-8CEB1514BD8C}.Debug|Any CPU.Build.0 = Debug|Any CPU
		{6DD7ACEF-D545-4704-93E7-8CEB1514BD8C}.Release|Any CPU.ActiveCfg = Release|Any CPU
		{6DD7ACEF-D545-4704-93E7-8CEB1514BD8C}.Release|Any CPU.Build.0 = Release|Any CPU
		{967E6758-1BD5-48F8-9CB0-CCE7C1E780A8}.Debug|Any CPU.ActiveCfg = Debug|Any CPU
		{967E6758-1BD5-48F8-9CB0-CCE7C1E780A8}.Debug|Any CPU.Build.0 = Debug|Any CPU
		{967E6758-1BD5-48F8-9CB0-CCE7C1E780A8}.Release|Any CPU.ActiveCfg = Release|Any CPU
		{967E6758-1BD5-48F8-9CB0-CCE7C1E780A8}.Release|Any CPU.Build.0 = Release|Any CPU
		{F4B0E054-5463-422D-81BC-63ECDAAEE07B}.Debug|Any CPU.ActiveCfg = Debug|Any CPU
		{F4B0E054-5463-422D-81BC-63ECDAAEE07B}.Debug|Any CPU.Build.0 = Debug|Any CPU
		{F4B0E054-5463-422D-81BC-63ECDAAEE07B}.Release|Any CPU.ActiveCfg = Release|Any CPU
		{F4B0E054-5463-422D-81BC-63ECDAAEE07B}.Release|Any CPU.Build.0 = Release|Any CPU
		{E928DC0E-2161-4D89-B2FF-32391C1D16BE}.Debug|Any CPU.ActiveCfg = Debug|Any CPU
		{E928DC0E-2161-4D89-B2FF-32391C1D16BE}.Debug|Any CPU.Build.0 = Debug|Any CPU
		{E928DC0E-2161-4D89-B2FF-32391C1D16BE}.Release|Any CPU.ActiveCfg = Release|Any CPU
		{E928DC0E-2161-4D89-B2FF-32391C1D16BE}.Release|Any CPU.Build.0 = Release|Any CPU
	EndGlobalSection
	GlobalSection(SolutionProperties) = preSolution
		HideSolutionNode = FALSE
	EndGlobalSection
	GlobalSection(ExtensibilityGlobals) = postSolution
		SolutionGuid = {B4AA4A0F-10C7-4F00-9579-13EC038B3331}
	EndGlobalSection
EndGlobal
